# THIS IS AN AUTOGENERATED FILE. DO NOT EDIT THIS FILE DIRECTLY.
# yarn lockfile v1


"@terrastack/terraform-aws-ec2-instance@^2.0.1":
  version "2.0.2"
  resolved "https://registry.yarnpkg.com/@terrastack/terraform-aws-ec2-instance/-/terraform-aws-ec2-instance-2.0.2.tgz#a14c0191428e9bc314cae3a5d7ceef64d0e8eab8"
  integrity sha512-LMzkQVDISNVo0YTbpAMFb3P6Vf5lD0D5Vj40gFNKGRjE968TciWy1/aeqR9XFXC+4O1+DTJ3JzjBZSzmG1G72g==

"@terrastack/terraform-aws-vpc@^2.0.1":
  version "2.0.5"
  resolved "https://registry.yarnpkg.com/@terrastack/terraform-aws-vpc/-/terraform-aws-vpc-2.0.5.tgz#8bbe8fe5d00621fa34b9a9930b023513c1159a2a"
  integrity sha512-BYr+dtTfk8w0aUviNwEPM1x2NBwAkkeMt4JeklJA3MyFnnV/6vyVr9L+CHsSBpa8ADg9jwj7TUsDpHh5pVY/5g==

fs-extra@^7.0.0:
  version "7.0.0"
  resolved "https://registry.yarnpkg.com/fs-extra/-/fs-extra-7.0.0.tgz#8cc3f47ce07ef7b3593a11b9fb245f7e34c041d6"
  integrity sha512-EglNDLRpmaTWiD/qraZn6HREAEAHJcJOmxNEYwq6xeMKnVMAy3GUcFB+wXt2C6k4CNvB/mP1y/U3dzvKKj5OtQ==
  dependencies:
    graceful-fs "^4.1.2"
    jsonfile "^4.0.0"
    universalify "^0.1.0"

graceful-fs@^4.1.2, graceful-fs@^4.1.6:
  version "4.1.11"
  resolved "https://registry.yarnpkg.com/graceful-fs/-/graceful-fs-4.1.11.tgz#0e8bdfe4d1ddb8854d64e04ea7c00e2a026e5658"
  integrity sha1-Dovf5NHduIVNZOBOp8AOKgJuVlg=

jsonfile@^4.0.0:
  version "4.0.0"
  resolved "https://registry.yarnpkg.com/jsonfile/-/jsonfile-4.0.0.tgz#8771aae0799b64076b76640fca058f9c10e33ecb"
  integrity sha1-h3Gq4HmbZAdrdmQPygWPnBDjPss=
  optionalDependencies:
    graceful-fs "^4.1.6"

lodash@^4.17.11:
  version "4.17.15"
  resolved "https://registry.yarnpkg.com/lodash/-/lodash-4.17.15.tgz#b447f6670a0455bbfeedd11392eff330ea097548"
  integrity sha512-8xOcRHvCjnocdS5cpwXQXVzmmh5e5+saE2QGoeQmbKmRS6J3VQppPOIt0MnmE+4xlZoumy0GPG0D0MVIQbNA1A==

"terrastack@file:../..":
  version "0.5.0"
  dependencies:
    fs-extra "^7.0.0"
    lodash "^4.17.11"

universalify@^0.1.0:
  version "0.1.2"
  resolved "https://registry.yarnpkg.com/universalify/-/universalify-0.1.2.tgz#b646f69be3942dabcecc9d6639c80dc105efaa66"
  integrity sha512-rBJeI5CXAlmy1pV+617WB9J63U6XcazHHF2f2dbJix4XzpUF0RS3Zbj0FGIOCAva5P/d/GBOYaACQ1w+0azUkg==
